// !$*UTF8*$!
{
	archiveVersion = 1;
	classes = {
	};
	objectVersion = 55;
	objects = {

/* Begin PBXBuildFile section */
		044BA5182833A5D700054D39 /* WeatherModel.swift in Sources */ = {isa = PBXBuildFile; fileRef = 044BA5172833A5D700054D39 /* WeatherModel.swift */; };
		04A84B152830434D009E966F /* AppDelegate.swift in Sources */ = {isa = PBXBuildFile; fileRef = 04A84B142830434D009E966F /* AppDelegate.swift */; };
		04A84B172830434D009E966F /* SceneDelegate.swift in Sources */ = {isa = PBXBuildFile; fileRef = 04A84B162830434D009E966F /* SceneDelegate.swift */; };
		04A84B192830434D009E966F /* ViewController.swift in Sources */ = {isa = PBXBuildFile; fileRef = 04A84B182830434D009E966F /* ViewController.swift */; };
		04A84B1C2830434D009E966F /* Main.storyboard in Resources */ = {isa = PBXBuildFile; fileRef = 04A84B1A2830434D009E966F /* Main.storyboard */; };
		04A84B1E2830434F009E966F /* Assets.xcassets in Resources */ = {isa = PBXBuildFile; fileRef = 04A84B1D2830434F009E966F /* Assets.xcassets */; };
		04A84B212830434F009E966F /* LaunchScreen.storyboard in Resources */ = {isa = PBXBuildFile; fileRef = 04A84B1F2830434F009E966F /* LaunchScreen.storyboard */; };
		04C878F82832786400C9E9CC /* WeatherManager.swift in Sources */ = {isa = PBXBuildFile; fileRef = 04C878F72832786400C9E9CC /* WeatherManager.swift */; };
		04C878FA2832FE4A00C9E9CC /* WeatherData.swift in Sources */ = {isa = PBXBuildFile; fileRef = 04C878F92832FE4A00C9E9CC /* WeatherData.swift */; };
/* End PBXBuildFile section */

/* Begin PBXFileReference section */
		044BA5172833A5D700054D39 /* WeatherModel.swift */ = {isa = PBXFileReference; lastKnownFileType = sourcecode.swift; path = WeatherModel.swift; sourceTree = "<group>"; };
		04A84B112830434D009E966F /* WeatherVS.app */ = {isa = PBXFileReference; explicitFileType = wrapper.application; includeInIndex = 0; path = WeatherVS.app; sourceTree = BUILT_PRODUCTS_DIR; };
		04A84B142830434D009E966F /* AppDelegate.swift */ = {isa = PBXFileReference; lastKnownFileType = sourcecode.swift; path = AppDelegate.swift; sourceTree = "<group>"; };
		04A84B162830434D009E966F /* SceneDelegate.swift */ = {isa = PBXFileReference; lastKnownFileType = sourcecode.swift; path = SceneDelegate.swift; sourceTree = "<group>"; };
		04A84B182830434D009E966F /* ViewController.swift */ = {isa = PBXFileReference; lastKnownFileType = sourcecode.swift; path = ViewController.swift; sourceTree = "<group>"; };
		04A84B1B2830434D009E966F /* Base */ = {isa = PBXFileReference; lastKnownFileType = file.storyboard; name = Base; path = Base.lproj/Main.storyboard; sourceTree = "<group>"; };
		04A84B1D2830434F009E966F /* Assets.xcassets */ = {isa = PBXFileReference; lastKnownFileType = folder.assetcatalog; path = Assets.xcassets; sourceTree = "<group>"; };
		04A84B202830434F009E966F /* Base */ = {isa = PBXFileReference; lastKnownFileType = file.storyboard; name = Base; path = Base.lproj/LaunchScreen.storyboard; sourceTree = "<group>"; };
		04A84B222830434F009E966F /* Info.plist */ = {isa = PBXFileReference; lastKnownFileType = text.plist.xml; path = Info.plist; sourceTree = "<group>"; };
		04C878F72832786400C9E9CC /* WeatherManager.swift */ = {isa = PBXFileReference; lastKnownFileType = sourcecode.swift; path = WeatherManager.swift; sourceTree = "<group>"; };
		04C878F92832FE4A00C9E9CC /* WeatherData.swift */ = {isa = PBXFileReference; lastKnownFileType = sourcecode.swift; path = WeatherData.swift; sourceTree = "<group>"; };
/* End PBXFileReference section */

/* Begin PBXFrameworksBuildPhase section */
		04A84B0E2830434D009E966F /* Frameworks */ = {
			isa = PBXFrameworksBuildPhase;
			buildActionMask = 2147483647;
			files = (
			);
			runOnlyForDeploymentPostprocessing = 0;
		};
/* End PBXFrameworksBuildPhase section */

/* Begin PBXGroup section */
		04A84B082830434D009E966F = {
			isa = PBXGroup;
			children = (
				04A84B132830434D009E966F /* WeatherVS */,
				04A84B122830434D009E966F /* Products */,
			);
			sourceTree = "<group>";
		};
		04A84B122830434D009E966F /* Products */ = {
			isa = PBXGroup;
			children = (
				04A84B112830434D009E966F /* WeatherVS.app */,
			);
			name = Products;
			sourceTree = "<group>";
		};
		04A84B132830434D009E966F /* WeatherVS */ = {
			isa = PBXGroup;
			children = (
				04A84B142830434D009E966F /* AppDelegate.swift */,
				04A84B162830434D009E966F /* SceneDelegate.swift */,
				04A84B2A283043D5009E966F /* Model */,
				04A84B2828304388009E966F /* View */,
				04A84B29283043A5009E966F /* Controller */,
				04A84B1D2830434F009E966F /* Assets.xcassets */,
				04A84B1F2830434F009E966F /* LaunchScreen.storyboard */,
				04A84B222830434F009E966F /* Info.plist */,
			);
			path = WeatherVS;
			sourceTree = "<group>";
		};
		04A84B2828304388009E966F /* View */ = {
			isa = PBXGroup;
			children = (
				04A84B1A2830434D009E966F /* Main.storyboard */,
			);
			path = View;
			sourceTree = "<group>";
		};
		04A84B29283043A5009E966F /* Controller */ = {
			isa = PBXGroup;
			children = (
				04A84B182830434D009E966F /* ViewController.swift */,
			);
			path = Controller;
			sourceTree = "<group>";
		};
		04A84B2A283043D5009E966F /* Model */ = {
			isa = PBXGroup;
			children = (
				04C878F72832786400C9E9CC /* WeatherManager.swift */,
				04C878F92832FE4A00C9E9CC /* WeatherData.swift */,
				044BA5172833A5D700054D39 /* WeatherModel.swift */,
			);
			path = Model;
			sourceTree = "<group>";
		};
/* End PBXGroup section */

/* Begin PBXNativeTarget section */
		04A84B102830434D009E966F /* WeatherVS */ = {
			isa = PBXNativeTarget;
			buildConfigurationList = 04A84B252830434F009E966F /* Build configuration list for PBXNativeTarget "WeatherVS" */;
			buildPhases = (
				04A84B0D2830434D009E966F /* Sources */,
				04A84B0E2830434D009E966F /* Frameworks */,
				04A84B0F2830434D009E966F /* Resources */,
			);
			buildRules = (
			);
			dependencies = (
			);
			name = WeatherVS;
			productName = WeatherVS;
			productReference = 04A84B112830434D009E966F /* WeatherVS.app */;
			productType = "com.apple.product-type.application";
		};
/* End PBXNativeTarget section */

/* Begin PBXProject section */
		04A84B092830434D009E966F /* Project object */ = {
			isa = PBXProject;
			attributes = {
				BuildIndependentTargetsInParallel = 1;
				LastSwiftUpdateCheck = 1320;
				LastUpgradeCheck = 1320;
				TargetAttributes = {
					04A84B102830434D009E966F = {
						CreatedOnToolsVersion = 13.2.1;
					};
				};
			};
			buildConfigurationList = 04A84B0C2830434D009E966F /* Build configuration list for PBXProject "WeatherVS" */;
			compatibilityVersion = "Xcode 13.0";
			developmentRegion = en;
			hasScannedForEncodings = 0;
			knownRegions = (
				en,
				Base,
			);
			mainGroup = 04A84B082830434D009E966F;
			productRefGroup = 04A84B122830434D009E966F /* Products */;
			projectDirPath = "";
			projectRoot = "";
			targets = (
				04A84B102830434D009E966F /* WeatherVS */,
			);
		};
/* End PBXProject section */

/* Begin PBXResourcesBuildPhase section */
		04A84B0F2830434D009E966F /* Resources */ = {
			isa = PBXResourcesBuildPhase;
			buildActionMask = 2147483647;
			files = (
				04A84B212830434F009E966F /* LaunchScreen.storyboard in Resources */,
				04A84B1E2830434F009E966F /* Assets.xcassets in Resources */,
				04A84B1C2830434D009E966F /* Main.storyboard in Resources */,
			);
			runOnlyForDeploymentPostprocessing = 0;
		};
/* End PBXResourcesBuildPhase section */

/* Begin PBXSourcesBuildPhase section */
		04A84B0D2830434D009E966F /* Sources */ = {
			isa = PBXSourcesBuildPhase;
			buildActionMask = 2147483647;
			files = (
				04A84B192830434D009E966F /* ViewController.swift in Sources */,
				04C878FA2832FE4A00C9E9CC /* WeatherData.swift in Sources */,
				04A84B152830434D009E966F /* AppDelegate.swift in Sources */,
				04C878F82832786400C9E9CC /* WeatherManager.swift in Sources */,
				044BA5182833A5D700054D39 /* WeatherModel.swift in Sources */,
				04A84B172830434D009E966F /* SceneDelegate.swift in Sources */,
			);
			runOnlyForDeploymentPostprocessing = 0;
		};
/* End PBXSourcesBuildPhase section */

/* Begin PBXVariantGroup section */
		04A84B1A2830434D009E966F /* Main.storyboard */ = {
			isa = PBXVariantGroup;
			children = (
				04A84B1B2830434D009E966F /* Base */,
			);
			name = Main.storyboard;
			sourceTree = "<group>";
		};
		04A84B1F2830434F009E966F /* LaunchScreen.storyboard */ = {
			isa = PBXVariantGroup;
			children = (
				04A84B202830434F009E966F /* Base */,
			);
			name = LaunchScreen.storyboard;
			sourceTree = "<group>";
		};
/* End PBXVariantGroup section */

/* Begin XCBuildConfiguration section */
		04A84B232830434F009E966F /* Debug */ = {
			isa = XCBuildConfiguration;
			buildSettings = {
				ALWAYS_SEARCH_USER_PATHS = NO;
				CLANG_ANALYZER_NONNULL = YES;
				CLANG_ANALYZER_NUMBER_OBJECT_CONVERSION = YES_AGGRESSIVE;
				CLANG_CXX_LANGUAGE_STANDARD = "gnu++17";
				CLANG_CXX_LIBRARY = "libc++";
				CLANG_ENABLE_MODULES = YES;
				CLANG_ENABLE_OBJC_ARC = YES;
				CLANG_ENABLE_OBJC_WEAK = YES;
				CLANG_WARN_BLOCK_CAPTURE_AUTORELEASING = YES;
				CLANG_WARN_BOOL_CONVERSION = YES;
				CLANG_WARN_COMMA = YES;
				CLANG_WARN_CONSTANT_CONVERSION = YES;
				CLANG_WARN_DEPRECATED_OBJC_IMPLEMENTATIONS = YES;
				CLANG_WARN_DIRECT_OBJC_ISA_USAGE = YES_ERROR;
				CLANG_WARN_DOCUMENTATION_COMMENTS = YES;
				CLANG_WARN_EMPTY_BODY = YES;
				CLANG_WARN_ENUM_CONVERSION = YES;
				CLANG_WARN_INFINITE_RECURSION = YES;
				CLANG_WARN_INT_CONVERSION = YES;
				CLANG_WARN_NON_LITERAL_NULL_CONVERSION = YES;
				CLANG_WARN_OBJC_IMPLICIT_RETAIN_SELF = YES;
				CLANG_WARN_OBJC_LITERAL_CONVERSION = YES;
				CLANG_WARN_OBJC_ROOT_CLASS = YES_ERROR;
				CLANG_WARN_QUOTED_INCLUDE_IN_FRAMEWORK_HEADER = YES;
				CLANG_WARN_RANGE_LOOP_ANALYSIS = YES;
				CLANG_WARN_STRICT_PROTOTYPES = YES;
				CLANG_WARN_SUSPICIOUS_MOVE = YES;
				CLANG_WARN_UNGUARDED_AVAILABILITY = YES_AGGRESSIVE;
				CLANG_WARN_UNREACHABLE_CODE = YES;
				CLANG_WARN__DUPLICATE_METHOD_MATCH = YES;
				COPY_PHASE_STRIP = NO;
				DEBUG_INFORMATION_FORMAT = dwarf;
				ENABLE_STRICT_OBJC_MSGSEND = YES;
				ENABLE_TESTABILITY = YES;
				GCC_C_LANGUAGE_STANDARD = gnu11;
				GCC_DYNAMIC_NO_PIC = NO;
				GCC_NO_COMMON_BLOCKS = YES;
				GCC_OPTIMIZATION_LEVEL = 0;
				GCC_PREPROCESSOR_DEFINITIONS = (
					"DEBUG=1",
					"$(inherited)",
				);
				GCC_WARN_64_TO_32_BIT_CONVERSION = YES;
				GCC_WARN_ABOUT_RETURN_TYPE = YES_ERROR;
				GCC_WARN_UNDECLARED_SELECTOR = YES;
				GCC_WARN_UNINITIALIZED_AUTOS = YES_AGGRESSIVE;
				GCC_WARN_UNUSED_FUNCTION = YES;
				GCC_WARN_UNUSED_VARIABLE = YES;
				IPHONEOS_DEPLOYMENT_TARGET = 15.2;
				MTL_ENABLE_DEBUG_INFO = INCLUDE_SOURCE;
				MTL_FAST_MATH = YES;
				ONLY_ACTIVE_ARCH = YES;
				SDKROOT = iphoneos;
				SWIFT_ACTIVE_COMPILATION_CONDITIONS = DEBUG;
				SWIFT_OPTIMIZATION_LEVEL = "-Onone";
			};
			name = Debug;
		};
		04A84B242830434F009E966F /* Release */ = {
			isa = XCBuildConfiguration;
			buildSettings = {
				ALWAYS_SEARCH_USER_PATHS = NO;
				CLANG_ANALYZER_NONNULL = YES;
				CLANG_ANALYZER_NUMBER_OBJECT_CONVERSION = YES_AGGRESSIVE;
				CLANG_CXX_LANGUAGE_STANDARD = "gnu++17";
				CLANG_CXX_LIBRARY = "libc++";
				CLANG_ENABLE_MODULES = YES;
				CLANG_ENABLE_OBJC_ARC = YES;
				CLANG_ENABLE_OBJC_WEAK = YES;
				CLANG_WARN_BLOCK_CAPTURE_AUTORELEASING = YES;
				CLANG_WARN_BOOL_CONVERSION = YES;
				CLANG_WARN_COMMA = YES;
				CLANG_WARN_CONSTANT_CONVERSION = YES;
				CLANG_WARN_DEPRECATED_OBJC_IMPLEMENTATIONS = YES;
				CLANG_WARN_DIRECT_OBJC_ISA_USAGE = YES_ERROR;
				CLANG_WARN_DOCUMENTATION_COMMENTS = YES;
				CLANG_WARN_EMPTY_BODY = YES;
				CLANG_WARN_ENUM_CONVERSION = YES;
				CLANG_WARN_INFINITE_RECURSION = YES;
				CLANG_WARN_INT_CONVERSION = YES;
				CLANG_WARN_NON_LITERAL_NULL_CONVERSION = YES;
				CLANG_WARN_OBJC_IMPLICIT_RETAIN_SELF = YES;
				CLANG_WARN_OBJC_LITERAL_CONVERSION = YES;
				CLANG_WARN_OBJC_ROOT_CLASS = YES_ERROR;
				CLANG_WARN_QUOTED_INCLUDE_IN_FRAMEWORK_HEADER = YES;
				CLANG_WARN_RANGE_LOOP_ANALYSIS = YES;
				CLANG_WARN_STRICT_PROTOTYPES = YES;
				CLANG_WARN_SUSPICIOUS_MOVE = YES;
				CLANG_WARN_UNGUARDED_AVAILABILITY = YES_AGGRESSIVE;
				CLANG_WARN_UNREACHABLE_CODE = YES;
				CLANG_WARN__DUPLICATE_METHOD_MATCH = YES;
				COPY_PHASE_STRIP = NO;
				DEBUG_INFORMATION_FORMAT = "dwarf-with-dsym";
				ENABLE_NS_ASSERTIONS = NO;
				ENABLE_STRICT_OBJC_MSGSEND = YES;
				GCC_C_LANGUAGE_STANDARD = gnu11;
				GCC_NO_COMMON_BLOCKS = YES;
				GCC_WARN_64_TO_32_BIT_CONVERSION = YES;
				GCC_WARN_ABOUT_RETURN_TYPE = YES_ERROR;
				GCC_WARN_UNDECLARED_SELECTOR = YES;
				GCC_WARN_UNINITIALIZED_AUTOS = YES_AGGRESSIVE;
				GCC_WARN_UNUSED_FUNCTION = YES;
				GCC_WARN_UNUSED_VARIABLE = YES;
				IPHONEOS_DEPLOYMENT_TARGET = 15.2;
				MTL_ENABLE_DEBUG_INFO = NO;
				MTL_FAST_MATH = YES;
				SDKROOT = iphoneos;
				SWIFT_COMPILATION_MODE = wholemodule;
				SWIFT_OPTIMIZATION_LEVEL = "-O";
				VALIDATE_PRODUCT = YES;
			};
			name = Release;
		};
		04A84B262830434F009E966F /* Debug */ = {
			isa = XCBuildConfiguration;
			buildSettings = {
				ASSETCATALOG_COMPILER_APPICON_NAME = AppIcon;
				ASSETCATALOG_COMPILER_GLOBAL_ACCENT_COLOR_NAME = AccentColor;
				CODE_SIGN_STYLE = Automatic;
				CURRENT_PROJECT_VERSION = 1;
				DEVELOPMENT_TEAM = 395325P6NX;
				GENERATE_INFOPLIST_FILE = YES;
				INFOPLIST_FILE = WeatherVS/Info.plist;
				INFOPLIST_KEY_CFBundleDisplayName = WeatherApp;
				INFOPLIST_KEY_NSLocationWhenInUseUsageDescription = "We need your location to get the current weather for where you are.";
				INFOPLIST_KEY_UIApplicationSupportsIndirectInputEvents = YES;
				INFOPLIST_KEY_UILaunchStoryboardName = LaunchScreen;
				INFOPLIST_KEY_UIMainStoryboardFile = Main;
				INFOPLIST_KEY_UISupportedInterfaceOrientations_iPad = "UIInterfaceOrientationPortrait UIInterfaceOrientationPortraitUpsideDown UIInterfaceOrientationLandscapeLeft UIInterfaceOrientationLandscapeRight";
				INFOPLIST_KEY_UISupportedInterfaceOrientations_iPhone = "UIInterfaceOrientationPortrait UIInterfaceOrientationLandscapeLeft UIInterfaceOrientationLandscapeRight";
				LD_RUNPATH_SEARCH_PATHS = (
					"$(inherited)",
					"@executable_path/Frameworks",
				);
				MARKETING_VERSION = 1.0;
				PRODUCT_BUNDLE_IDENTIFIER = com.dagkanoz.WeatherApp;
				PRODUCT_NAME = "$(TARGET_NAME)";
				SWIFT_EMIT_LOC_STRINGS = YES;
				SWIFT_VERSION = 5.0;
				TARGETED_DEVICE_FAMILY = "1,2";
			};
			name = Debug;
		};
		04A84B272830434F009E966F /* Release */ = {
			isa = XCBuildConfiguration;
			buildSettings = {
				ASSETCATALOG_COMPILER_APPICON_NAME = AppIcon;
				ASSETCATALOG_COMPILER_GLOBAL_ACCENT_COLOR_NAME = AccentColor;
				CODE_SIGN_STYLE = Automatic;
				CURRENT_PROJECT_VERSION = 1;
				DEVELOPMENT_TEAM = 395325P6NX;
				GENERATE_INFOPLIST_FILE = YES;
				INFOPLIST_FILE = WeatherVS/Info.plist;
				INFOPLIST_KEY_CFBundleDisplayName = WeatherApp;
				INFOPLIST_KEY_NSLocationWhenInUseUsageDescription = "We need your location to get the current weather for where you are.";
				INFOPLIST_KEY_UIApplicationSupportsIndirectInputEvents = YES;
				INFOPLIST_KEY_UILaunchStoryboardName = LaunchScreen;
				INFOPLIST_KEY_UIMainStoryboardFile = Main;
				INFOPLIST_KEY_UISupportedInterfaceOrientations_iPad = "UIInterfaceOrientationPortrait UIInterfaceOrientationPortraitUpsideDown UIInterfaceOrientationLandscapeLeft UIInterfaceOrientationLandscapeRight";
				INFOPLIST_KEY_UISupportedInterfaceOrientations_iPhone = "UIInterfaceOrientationPortrait UIInterfaceOrientationLandscapeLeft UIInterfaceOrientationLandscapeRight";
				LD_RUNPATH_SEARCH_PATHS = (
					"$(inherited)",
					"@executable_path/Frameworks",
				);
				MARKETING_VERSION = 1.0;
				PRODUCT_BUNDLE_IDENTIFIER = com.dagkanoz.WeatherApp;
				PRODUCT_NAME = "$(TARGET_NAME)";
				SWIFT_EMIT_LOC_STRINGS = YES;
				SWIFT_VERSION = 5.0;
				TARGETED_DEVICE_FAMILY = "1,2";
			};
			name = Release;
		};
/* End XCBuildConfiguration section */

/* Begin XCConfigurationList section */
		04A84B0C2830434D009E966F /* Build configuration list for PBXProject "WeatherVS" */ = {
			isa = XCConfigurationList;
			buildConfigurations = (
				04A84B232830434F009E966F /* Debug */,
				04A84B242830434F009E966F /* Release */,
			);
			defaultConfigurationIsVisible = 0;
			defaultConfigurationName = Release;
		};
		04A84B252830434F009E966F /* Build configuration list for PBXNativeTarget "WeatherVS" */ = {
			isa = XCConfigurationList;
			buildConfigurations = (
				04A84B262830434F009E966F /* Debug */,
				04A84B272830434F009E966F /* Release */,
			);
			defaultConfigurationIsVisible = 0;
			defaultConfigurationName = Release;
		};
/* End XCConfigurationList section */
	};
	rootObject = 04A84B092830434D009E966F /* Project object */;
}
